<?xml version="1.0" encoding="utf-8"?>
<Project ToolsVersion="4.0" xmlns="http://schemas.microsoft.com/developer/msbuild/2003">
  <ItemGroup>
    <Filter Include="resource file">
      <UniqueIdentifier>{67DA6AB6-F800-4c08-8B7A-83BB121AAD01}</UniqueIdentifier>
      <Extensions>rc;ico;cur;bmp;dlg;rc2;rct;bin;rgs;gif;jpg;jpeg;jpe;resx;tiff;tif;png;wav;mfcribbon-ms</Extensions>
    </Filter>
    <Filter Include="source file">
      <UniqueIdentifier>{4FC737F1-C7A5-4376-A066-2A32D752A2FF}</UniqueIdentifier>
      <Extensions>cpp;c;cc;cxx;c++;cppm;ixx;def;odl;idl;hpj;bat;asm;asmx</Extensions>
    </Filter>
    <Filter Include="header file">
      <UniqueIdentifier>{93995380-89BD-4b04-88EB-625FBE52EBFB}</UniqueIdentifier>
      <Extensions>h;hh;hpp;hxx;h++;hm;inl;inc;ipp;xsd</Extensions>
    </Filter>
  </ItemGroup>
  <ItemGroup>
    <ClInclude Include="src\includes\cvm.h">
      <Filter>header file</Filter>
    </ClInclude>
    <ClInclude Include="src\includes\engine.h">
      <Filter>header file</Filter>
    </ClInclude>
    <ClInclude Include="src\includes\main.h">
      <Filter>header file</Filter>
    </ClInclude>
    <ClInclude Include="src\includes\util.h">
      <Filter>header file</Filter>
    </ClInclude>
    <ClInclude Include="src\includes\code_data.h">
      <Filter>header file</Filter>
    </ClInclude>
    <ClInclude Include="src\includes\token.h">
      <Filter>header file</Filter>
    </ClInclude>
    <ClInclude Include="src\includes\parser.h">
      <Filter>header file</Filter>
    </ClInclude>
  </ItemGroup>
  <ItemGroup>
    <ClCompile Include="src\cvm.c">
      <Filter>source file</Filter>
    </ClCompile>
    <ClCompile Include="src\engine.c">
      <Filter>source file</Filter>
    </ClCompile>
    <ClCompile Include="src\main.c">
      <Filter>source file</Filter>
    </ClCompile>
    <ClCompile Include="src\util.c">
      <Filter>source file</Filter>
    </ClCompile>
    <ClCompile Include="src\code_data.c">
      <Filter>source file</Filter>
    </ClCompile>
    <ClCompile Include="src\token.c">
      <Filter>source file</Filter>
    </ClCompile>
    <ClCompile Include="src\parser.c">
      <Filter>source file</Filter>
    </ClCompile>
  </ItemGroup>
</Project>