<?xml version="1.0" encoding="utf-8"?>
<Project ToolsVersion="4.0" xmlns="http://schemas.microsoft.com/developer/msbuild/2003">
  <ItemGroup>
    <Filter Include="소스 파일">
      <UniqueIdentifier>{4FC737F1-C7A5-4376-A066-2A32D752A2FF}</UniqueIdentifier>
      <Extensions>cpp;c;cc;cxx;c++;cppm;ixx;def;odl;idl;hpj;bat;asm;asmx</Extensions>
    </Filter>
    <Filter Include="헤더 파일">
      <UniqueIdentifier>{93995380-89BD-4b04-88EB-625FBE52EBFB}</UniqueIdentifier>
      <Extensions>h;hh;hpp;hxx;h++;hm;inl;inc;ipp;xsd</Extensions>
    </Filter>
    <Filter Include="리소스 파일">
      <UniqueIdentifier>{67DA6AB6-F800-4c08-8B7A-83BB121AAD01}</UniqueIdentifier>
      <Extensions>rc;ico;cur;bmp;dlg;rc2;rct;bin;rgs;gif;jpg;jpeg;jpe;resx;tiff;tif;png;wav;mfcribbon-ms</Extensions>
    </Filter>
  </ItemGroup>
  <ItemGroup>
    <ClInclude Include="operator_command.h">
      <Filter>헤더 파일</Filter>
    </ClInclude>
    <ClInclude Include="scope.h">
      <Filter>헤더 파일</Filter>
    </ClInclude>
    <ClInclude Include="stack.h">
      <Filter>헤더 파일</Filter>
    </ClInclude>
    <ClInclude Include="token.h">
      <Filter>헤더 파일</Filter>
    </ClInclude>
    <ClInclude Include="basic_command.h">
      <Filter>헤더 파일</Filter>
    </ClInclude>
    <ClInclude Include="builtin_class.h">
      <Filter>헤더 파일</Filter>
    </ClInclude>
    <ClInclude Include="builtin_function.h">
      <Filter>헤더 파일</Filter>
    </ClInclude>
    <ClInclude Include="builtin_math.h">
      <Filter>헤더 파일</Filter>
    </ClInclude>
    <ClInclude Include="code_memory.h">
      <Filter>헤더 파일</Filter>
    </ClInclude>
    <ClInclude Include="command.h">
      <Filter>헤더 파일</Filter>
    </ClInclude>
    <ClInclude Include="commands.h">
      <Filter>헤더 파일</Filter>
    </ClInclude>
    <ClInclude Include="engine.h">
      <Filter>헤더 파일</Filter>
    </ClInclude>
    <ClInclude Include="error.h">
      <Filter>헤더 파일</Filter>
    </ClInclude>
    <ClInclude Include="frame.h">
      <Filter>헤더 파일</Filter>
    </ClInclude>
    <ClInclude Include="function_caller_command.h">
      <Filter>헤더 파일</Filter>
    </ClInclude>
    <ClInclude Include="load_command.h">
      <Filter>헤더 파일</Filter>
    </ClInclude>
    <ClInclude Include="machine.h">
      <Filter>헤더 파일</Filter>
    </ClInclude>
    <ClInclude Include="memory.h">
      <Filter>헤더 파일</Filter>
    </ClInclude>
    <ClInclude Include="memory_command.h">
      <Filter>헤더 파일</Filter>
    </ClInclude>
    <ClInclude Include="object_create_command.h">
      <Filter>헤더 파일</Filter>
    </ClInclude>
    <ClInclude Include="Math.h">
      <Filter>헤더 파일</Filter>
    </ClInclude>
    <ClInclude Include="D:\Libraries\stbi\stb_image.h">
      <Filter>헤더 파일</Filter>
    </ClInclude>
  </ItemGroup>
  <ItemGroup>
    <ClCompile Include="stack.cpp">
      <Filter>소스 파일</Filter>
    </ClCompile>
    <ClCompile Include="token.cpp">
      <Filter>소스 파일</Filter>
    </ClCompile>
    <ClCompile Include="basic_command.cpp">
      <Filter>소스 파일</Filter>
    </ClCompile>
    <ClCompile Include="builtin_function.cpp">
      <Filter>소스 파일</Filter>
    </ClCompile>
    <ClCompile Include="builtin_math.cpp">
      <Filter>소스 파일</Filter>
    </ClCompile>
    <ClCompile Include="code_memory.cpp">
      <Filter>소스 파일</Filter>
    </ClCompile>
    <ClCompile Include="engine.cpp">
      <Filter>소스 파일</Filter>
    </ClCompile>
    <ClCompile Include="error.cpp">
      <Filter>소스 파일</Filter>
    </ClCompile>
    <ClCompile Include="frame.cpp">
      <Filter>소스 파일</Filter>
    </ClCompile>
    <ClCompile Include="function_caller_command.cpp">
      <Filter>소스 파일</Filter>
    </ClCompile>
    <ClCompile Include="load_command.cpp">
      <Filter>소스 파일</Filter>
    </ClCompile>
    <ClCompile Include="machine.cpp">
      <Filter>소스 파일</Filter>
    </ClCompile>
    <ClCompile Include="main.cpp">
      <Filter>소스 파일</Filter>
    </ClCompile>
    <ClCompile Include="memory.cpp">
      <Filter>소스 파일</Filter>
    </ClCompile>
    <ClCompile Include="memory_command.cpp">
      <Filter>소스 파일</Filter>
    </ClCompile>
    <ClCompile Include="object_create_command.cpp">
      <Filter>소스 파일</Filter>
    </ClCompile>
    <ClCompile Include="operator_command.cpp">
      <Filter>소스 파일</Filter>
    </ClCompile>
    <ClCompile Include="Math.cpp">
      <Filter>소스 파일</Filter>
    </ClCompile>
    <ClCompile Include="stb.cpp">
      <Filter>소스 파일</Filter>
    </ClCompile>
  </ItemGroup>
</Project>